
Microsoft Visual Studio Solution File, Format Version 12.00
# Visual Studio Version 17
VisualStudioVersion = 17.4.33110.190
MinimumVisualStudioVersion = 10.0.40219.1
Project("{9A19103F-16F7-4668-BE54-9A1E7A4F7556}") = "JobScheduler.Server", "JobScheduler.App\JobScheduler.Server.csproj", "{430634F5-0C63-4641-80C9-17E50D6F22A7}"
EndProject
Project("{9A19103F-16F7-4668-BE54-9A1E7A4F7556}") = "JobScheduler.Service", "JobScheduler.Service\JobScheduler.Service.csproj", "{6C7AF2A9-10F9-4363-A755-51F5697EE7F6}"
EndProject
Project("{9A19103F-16F7-4668-BE54-9A1E7A4F7556}") = "JobScheduler.Data", "JobScheduler.Data\JobScheduler.Data.csproj", "{37CE7454-40CD-41BC-ADC1-CD7FDE501060}"
EndProject
Project("{2150E333-8FDC-42A3-9474-1A3956D46DE8}") = "Core", "Core", "{2437E1ED-2C0E-47C4-A76B-F370807231D0}"
EndProject
Project("{2150E333-8FDC-42A3-9474-1A3956D46DE8}") = "Infrastructure", "Infrastructure", "{DEF284DC-1A1B-4B08-8070-887CF079AD63}"
EndProject
Global
	GlobalSection(SolutionConfigurationPlatforms) = preSolution
		Debug|Any CPU = Debug|Any CPU
		Release|Any CPU = Release|Any CPU
	EndGlobalSection
	GlobalSection(ProjectConfigurationPlatforms) = postSolution
		{430634F5-0C63-4641-80C9-17E50D6F22A7}.Debug|Any CPU.ActiveCfg = Debug|Any CPU
		{430634F5-0C63-4641-80C9-17E50D6F22A7}.Debug|Any CPU.Build.0 = Debug|Any CPU
		{430634F5-0C63-4641-80C9-17E50D6F22A7}.Release|Any CPU.ActiveCfg = Release|Any CPU
		{430634F5-0C63-4641-80C9-17E50D6F22A7}.Release|Any CPU.Build.0 = Release|Any CPU
		{6C7AF2A9-10F9-4363-A755-51F5697EE7F6}.Debug|Any CPU.ActiveCfg = Debug|Any CPU
		{6C7AF2A9-10F9-4363-A755-51F5697EE7F6}.Debug|Any CPU.Build.0 = Debug|Any CPU
		{6C7AF2A9-10F9-4363-A755-51F5697EE7F6}.Release|Any CPU.ActiveCfg = Release|Any CPU
		{6C7AF2A9-10F9-4363-A755-51F5697EE7F6}.Release|Any CPU.Build.0 = Release|Any CPU
		{37CE7454-40CD-41BC-ADC1-CD7FDE501060}.Debug|Any CPU.ActiveCfg = Debug|Any CPU
		{37CE7454-40CD-41BC-ADC1-CD7FDE501060}.Debug|Any CPU.Build.0 = Debug|Any CPU
		{37CE7454-40CD-41BC-ADC1-CD7FDE501060}.Release|Any CPU.ActiveCfg = Release|Any CPU
		{37CE7454-40CD-41BC-ADC1-CD7FDE501060}.Release|Any CPU.Build.0 = Release|Any CPU
	EndGlobalSection
	GlobalSection(SolutionProperties) = preSolution
		HideSolutionNode = FALSE
	EndGlobalSection
	GlobalSection(ExtensibilityGlobals) = postSolution
		SolutionGuid = {78649FA7-8D9F-48AB-9BAD-7F83E0F54302}
	EndGlobalSection
EndGlobal
